// !$*UTF8*$!
{
	archiveVersion = 1;
	classes = {
	};
	objectVersion = 56;
	objects = {

/* Begin PBXBuildFile section */
		2E2D8176BD9248E040644A0A /* Pods_MapsUIKitSwiftUI.framework in Frameworks */ = {isa = PBXBuildFile; fileRef = 0E3BAE57DC791A0A8A112663 /* Pods_MapsUIKitSwiftUI.framework */; };
		D80324AB2A3DE272004D434E /* SDKAPIKey.swift in Sources */ = {isa = PBXBuildFile; fileRef = D80324AA2A3DE272004D434E /* SDKAPIKey.swift */; };
		D80324AD2A3F1816004D434E /* CalloutContainer.swift in Sources */ = {isa = PBXBuildFile; fileRef = D80324AC2A3F1816004D434E /* CalloutContainer.swift */; };
		D80324B02A3F583E004D434E /* MapSearchingView.swift in Sources */ = {isa = PBXBuildFile; fileRef = D80324AF2A3F583E004D434E /* MapSearchingView.swift */; };
		D84EC20F2A41C53200B2D2C6 /* JGProgressHUD in Frameworks */ = {isa = PBXBuildFile; productRef = D84EC20E2A41C53200B2D2C6 /* JGProgressHUD */; };
		D84EC2122A41C54400B2D2C6 /* LBTATools in Frameworks */ = {isa = PBXBuildFile; productRef = D84EC2112A41C54400B2D2C6 /* LBTATools */; };
		D8856BAD2A2EB8740048E86A /* LocationsCarouselController.swift in Sources */ = {isa = PBXBuildFile; fileRef = D8856BAC2A2EB8740048E86A /* LocationsCarouselController.swift */; };
		D8856BAF2A2EBA320048E86A /* MKMapItem+Address.swift in Sources */ = {isa = PBXBuildFile; fileRef = D8856BAE2A2EBA320048E86A /* MKMapItem+Address.swift */; };
		D88EB5DD2A2B4E5C009CC5E9 /* AppDelegate.swift in Sources */ = {isa = PBXBuildFile; fileRef = D88EB5DC2A2B4E5C009CC5E9 /* AppDelegate.swift */; };
		D88EB5DF2A2B4E5C009CC5E9 /* SceneDelegate.swift in Sources */ = {isa = PBXBuildFile; fileRef = D88EB5DE2A2B4E5C009CC5E9 /* SceneDelegate.swift */; };
		D88EB5E12A2B4E5C009CC5E9 /* MainController.swift in Sources */ = {isa = PBXBuildFile; fileRef = D88EB5E02A2B4E5C009CC5E9 /* MainController.swift */; };
		D88EB5E42A2B4E5C009CC5E9 /* Main.storyboard in Resources */ = {isa = PBXBuildFile; fileRef = D88EB5E22A2B4E5C009CC5E9 /* Main.storyboard */; };
		D88EB5E62A2B4E5D009CC5E9 /* Assets.xcassets in Resources */ = {isa = PBXBuildFile; fileRef = D88EB5E52A2B4E5D009CC5E9 /* Assets.xcassets */; };
		D88EB5E92A2B4E5D009CC5E9 /* LaunchScreen.storyboard in Resources */ = {isa = PBXBuildFile; fileRef = D88EB5E72A2B4E5D009CC5E9 /* LaunchScreen.storyboard */; };
		D8954A4A2A3469DE00A89C90 /* DirectionsController.swift in Sources */ = {isa = PBXBuildFile; fileRef = D8954A492A3469DE00A89C90 /* DirectionsController.swift */; };
		D8954A4C2A35E93000A89C90 /* LocationSearchController.swift in Sources */ = {isa = PBXBuildFile; fileRef = D8954A4B2A35E93000A89C90 /* LocationSearchController.swift */; };
		D8954A512A39F5E700A89C90 /* RouteHeader.swift in Sources */ = {isa = PBXBuildFile; fileRef = D8954A502A39F5E600A89C90 /* RouteHeader.swift */; };
		D8954A532A3A061100A89C90 /* RoutesController.swift in Sources */ = {isa = PBXBuildFile; fileRef = D8954A522A3A061100A89C90 /* RoutesController.swift */; };
		D8954A562A3B496300A89C90 /* PlacesController.swift in Sources */ = {isa = PBXBuildFile; fileRef = D8954A552A3B496200A89C90 /* PlacesController.swift */; };
/* End PBXBuildFile section */

/* Begin PBXFileReference section */
		0E3BAE57DC791A0A8A112663 /* Pods_MapsUIKitSwiftUI.framework */ = {isa = PBXFileReference; explicitFileType = wrapper.framework; includeInIndex = 0; path = Pods_MapsUIKitSwiftUI.framework; sourceTree = BUILT_PRODUCTS_DIR; };
		911DEA92AEACD5E44B756313 /* Pods-MapsUIKitSwiftUI.release.xcconfig */ = {isa = PBXFileReference; includeInIndex = 1; lastKnownFileType = text.xcconfig; name = "Pods-MapsUIKitSwiftUI.release.xcconfig"; path = "Target Support Files/Pods-MapsUIKitSwiftUI/Pods-MapsUIKitSwiftUI.release.xcconfig"; sourceTree = "<group>"; };
		C9F2DCBCEE76A4CE954EC15D /* Pods-MapsUIKitSwiftUI.debug.xcconfig */ = {isa = PBXFileReference; includeInIndex = 1; lastKnownFileType = text.xcconfig; name = "Pods-MapsUIKitSwiftUI.debug.xcconfig"; path = "Target Support Files/Pods-MapsUIKitSwiftUI/Pods-MapsUIKitSwiftUI.debug.xcconfig"; sourceTree = "<group>"; };
		D80324AA2A3DE272004D434E /* SDKAPIKey.swift */ = {isa = PBXFileReference; lastKnownFileType = sourcecode.swift; name = SDKAPIKey.swift; path = MapsUIKitSwiftUI/SDKAPIKey.swift; sourceTree = SOURCE_ROOT; };
		D80324AC2A3F1816004D434E /* CalloutContainer.swift */ = {isa = PBXFileReference; lastKnownFileType = sourcecode.swift; path = CalloutContainer.swift; sourceTree = "<group>"; };
		D80324AF2A3F583E004D434E /* MapSearchingView.swift */ = {isa = PBXFileReference; lastKnownFileType = sourcecode.swift; path = MapSearchingView.swift; sourceTree = "<group>"; };
		D8856BAC2A2EB8740048E86A /* LocationsCarouselController.swift */ = {isa = PBXFileReference; lastKnownFileType = sourcecode.swift; path = LocationsCarouselController.swift; sourceTree = "<group>"; };
		D8856BAE2A2EBA320048E86A /* MKMapItem+Address.swift */ = {isa = PBXFileReference; lastKnownFileType = sourcecode.swift; path = "MKMapItem+Address.swift"; sourceTree = "<group>"; };
		D88EB5D92A2B4E5C009CC5E9 /* MapsUIKitSwiftUI.app */ = {isa = PBXFileReference; explicitFileType = wrapper.application; includeInIndex = 0; path = MapsUIKitSwiftUI.app; sourceTree = BUILT_PRODUCTS_DIR; };
		D88EB5DC2A2B4E5C009CC5E9 /* AppDelegate.swift */ = {isa = PBXFileReference; lastKnownFileType = sourcecode.swift; path = AppDelegate.swift; sourceTree = "<group>"; };
		D88EB5DE2A2B4E5C009CC5E9 /* SceneDelegate.swift */ = {isa = PBXFileReference; lastKnownFileType = sourcecode.swift; path = SceneDelegate.swift; sourceTree = "<group>"; };
		D88EB5E02A2B4E5C009CC5E9 /* MainController.swift */ = {isa = PBXFileReference; lastKnownFileType = sourcecode.swift; path = MainController.swift; sourceTree = "<group>"; };
		D88EB5E32A2B4E5C009CC5E9 /* Base */ = {isa = PBXFileReference; lastKnownFileType = file.storyboard; name = Base; path = Base.lproj/Main.storyboard; sourceTree = "<group>"; };
		D88EB5E52A2B4E5D009CC5E9 /* Assets.xcassets */ = {isa = PBXFileReference; lastKnownFileType = folder.assetcatalog; path = Assets.xcassets; sourceTree = "<group>"; };
		D88EB5E82A2B4E5D009CC5E9 /* Base */ = {isa = PBXFileReference; lastKnownFileType = file.storyboard; name = Base; path = Base.lproj/LaunchScreen.storyboard; sourceTree = "<group>"; };
		D88EB5EA2A2B4E5D009CC5E9 /* Info.plist */ = {isa = PBXFileReference; lastKnownFileType = text.plist.xml; path = Info.plist; sourceTree = "<group>"; };
		D8954A442A335B4200A89C90 /* Seoul.gpx */ = {isa = PBXFileReference; lastKnownFileType = text.xml; path = Seoul.gpx; sourceTree = "<group>"; };
		D8954A452A335BC100A89C90 /* Beijing.gpx */ = {isa = PBXFileReference; lastKnownFileType = text.xml; path = Beijing.gpx; sourceTree = "<group>"; };
		D8954A462A335BD700A89C90 /* Shanghai.gpx */ = {isa = PBXFileReference; lastKnownFileType = text.xml; path = Shanghai.gpx; sourceTree = "<group>"; };
		D8954A472A335BEB00A89C90 /* Miami_Florida.gpx */ = {isa = PBXFileReference; lastKnownFileType = text.xml; path = Miami_Florida.gpx; sourceTree = "<group>"; };
		D8954A492A3469DE00A89C90 /* DirectionsController.swift */ = {isa = PBXFileReference; lastKnownFileType = sourcecode.swift; path = DirectionsController.swift; sourceTree = "<group>"; };
		D8954A4B2A35E93000A89C90 /* LocationSearchController.swift */ = {isa = PBXFileReference; lastKnownFileType = sourcecode.swift; path = LocationSearchController.swift; sourceTree = "<group>"; };
		D8954A502A39F5E600A89C90 /* RouteHeader.swift */ = {isa = PBXFileReference; lastKnownFileType = sourcecode.swift; path = RouteHeader.swift; sourceTree = "<group>"; };
		D8954A522A3A061100A89C90 /* RoutesController.swift */ = {isa = PBXFileReference; lastKnownFileType = sourcecode.swift; path = RoutesController.swift; sourceTree = "<group>"; };
		D8954A552A3B496200A89C90 /* PlacesController.swift */ = {isa = PBXFileReference; lastKnownFileType = sourcecode.swift; path = PlacesController.swift; sourceTree = "<group>"; };
/* End PBXFileReference section */

/* Begin PBXFrameworksBuildPhase section */
		D88EB5D62A2B4E5C009CC5E9 /* Frameworks */ = {
			isa = PBXFrameworksBuildPhase;
			buildActionMask = 2147483647;
			files = (
				D84EC20F2A41C53200B2D2C6 /* JGProgressHUD in Frameworks */,
				D84EC2122A41C54400B2D2C6 /* LBTATools in Frameworks */,
				2E2D8176BD9248E040644A0A /* Pods_MapsUIKitSwiftUI.framework in Frameworks */,
			);
			runOnlyForDeploymentPostprocessing = 0;
		};
/* End PBXFrameworksBuildPhase section */

/* Begin PBXGroup section */
		03DF06CC936334D1B90033D1 /* Pods */ = {
			isa = PBXGroup;
			children = (
				C9F2DCBCEE76A4CE954EC15D /* Pods-MapsUIKitSwiftUI.debug.xcconfig */,
				911DEA92AEACD5E44B756313 /* Pods-MapsUIKitSwiftUI.release.xcconfig */,
			);
			path = Pods;
			sourceTree = "<group>";
		};
		D80324AE2A3F5812004D434E /* SwiftUIComponents */ = {
			isa = PBXGroup;
			children = (
				D80324AF2A3F583E004D434E /* MapSearchingView.swift */,
			);
			path = SwiftUIComponents;
			sourceTree = "<group>";
		};
		D88EB5D02A2B4E5C009CC5E9 = {
			isa = PBXGroup;
			children = (
				D8954A472A335BEB00A89C90 /* Miami_Florida.gpx */,
				D8954A462A335BD700A89C90 /* Shanghai.gpx */,
				D8954A452A335BC100A89C90 /* Beijing.gpx */,
				D8954A442A335B4200A89C90 /* Seoul.gpx */,
				D88EB5DB2A2B4E5C009CC5E9 /* MapsUIKitSwiftUI */,
				D88EB5DA2A2B4E5C009CC5E9 /* Products */,
				03DF06CC936334D1B90033D1 /* Pods */,
				EE6507B7784C725283934EC2 /* Frameworks */,
			);
			sourceTree = "<group>";
		};
		D88EB5DA2A2B4E5C009CC5E9 /* Products */ = {
			isa = PBXGroup;
			children = (
				D88EB5D92A2B4E5C009CC5E9 /* MapsUIKitSwiftUI.app */,
			);
			name = Products;
			sourceTree = "<group>";
		};
		D88EB5DB2A2B4E5C009CC5E9 /* MapsUIKitSwiftUI */ = {
			isa = PBXGroup;
			children = (
				D80324AE2A3F5812004D434E /* SwiftUIComponents */,
				D8954A542A3B494E00A89C90 /* Places */,
				D8954A482A3469B100A89C90 /* Directions */,
				D88EB5F02A2B52F0009CC5E9 /* Main */,
				D88EB5DC2A2B4E5C009CC5E9 /* AppDelegate.swift */,
				D88EB5DE2A2B4E5C009CC5E9 /* SceneDelegate.swift */,
				D80324AA2A3DE272004D434E /* SDKAPIKey.swift */,
				D88EB5E22A2B4E5C009CC5E9 /* Main.storyboard */,
				D88EB5E52A2B4E5D009CC5E9 /* Assets.xcassets */,
				D88EB5E72A2B4E5D009CC5E9 /* LaunchScreen.storyboard */,
				D88EB5EA2A2B4E5D009CC5E9 /* Info.plist */,
			);
			path = MapsUIKitSwiftUI;
			sourceTree = "<group>";
		};
		D88EB5F02A2B52F0009CC5E9 /* Main */ = {
			isa = PBXGroup;
			children = (
				D88EB5E02A2B4E5C009CC5E9 /* MainController.swift */,
				D8856BAE2A2EBA320048E86A /* MKMapItem+Address.swift */,
				D8856BAC2A2EB8740048E86A /* LocationsCarouselController.swift */,
			);
			path = Main;
			sourceTree = "<group>";
		};
		D8954A482A3469B100A89C90 /* Directions */ = {
			isa = PBXGroup;
			children = (
				D8954A492A3469DE00A89C90 /* DirectionsController.swift */,
				D8954A522A3A061100A89C90 /* RoutesController.swift */,
				D8954A502A39F5E600A89C90 /* RouteHeader.swift */,
				D8954A4B2A35E93000A89C90 /* LocationSearchController.swift */,
			);
			path = Directions;
			sourceTree = "<group>";
		};
		D8954A542A3B494E00A89C90 /* Places */ = {
			isa = PBXGroup;
			children = (
				D8954A552A3B496200A89C90 /* PlacesController.swift */,
				D80324AC2A3F1816004D434E /* CalloutContainer.swift */,
			);
			path = Places;
			sourceTree = "<group>";
		};
		EE6507B7784C725283934EC2 /* Frameworks */ = {
			isa = PBXGroup;
			children = (
				0E3BAE57DC791A0A8A112663 /* Pods_MapsUIKitSwiftUI.framework */,
			);
			name = Frameworks;
			sourceTree = "<group>";
		};
/* End PBXGroup section */

/* Begin PBXNativeTarget section */
		D88EB5D82A2B4E5C009CC5E9 /* MapsUIKitSwiftUI */ = {
			isa = PBXNativeTarget;
			buildConfigurationList = D88EB5ED2A2B4E5D009CC5E9 /* Build configuration list for PBXNativeTarget "MapsUIKitSwiftUI" */;
			buildPhases = (
				8BACB0D7BAFEE3655FB25A7D /* [CP] Check Pods Manifest.lock */,
				D88EB5D52A2B4E5C009CC5E9 /* Sources */,
				D88EB5D62A2B4E5C009CC5E9 /* Frameworks */,
				D88EB5D72A2B4E5C009CC5E9 /* Resources */,
				DDA90B2C64D13D1521F1EC6E /* [CP] Copy Pods Resources */,
			);
			buildRules = (
			);
			dependencies = (
			);
			name = MapsUIKitSwiftUI;
			packageProductDependencies = (
				D84EC20E2A41C53200B2D2C6 /* JGProgressHUD */,
				D84EC2112A41C54400B2D2C6 /* LBTATools */,
			);
			productName = MapsUIKitSwiftUI;
			productReference = D88EB5D92A2B4E5C009CC5E9 /* MapsUIKitSwiftUI.app */;
			productType = "com.apple.product-type.application";
		};
/* End PBXNativeTarget section */

/* Begin PBXProject section */
		D88EB5D12A2B4E5C009CC5E9 /* Project object */ = {
			isa = PBXProject;
			attributes = {
				BuildIndependentTargetsInParallel = 1;
				LastSwiftUpdateCheck = 1410;
				LastUpgradeCheck = 1410;
				TargetAttributes = {
					D88EB5D82A2B4E5C009CC5E9 = {
						CreatedOnToolsVersion = 14.1;
					};
				};
			};
			buildConfigurationList = D88EB5D42A2B4E5C009CC5E9 /* Build configuration list for PBXProject "MapsUIKitSwiftUI" */;
			compatibilityVersion = "Xcode 14.0";
			developmentRegion = en;
			hasScannedForEncodings = 0;
			knownRegions = (
				en,
				Base,
			);
			mainGroup = D88EB5D02A2B4E5C009CC5E9;
			packageReferences = (
				D84EC20D2A41C53200B2D2C6 /* XCRemoteSwiftPackageReference "JGProgressHUD" */,
				D84EC2102A41C54400B2D2C6 /* XCRemoteSwiftPackageReference "LBTATools" */,
			);
			productRefGroup = D88EB5DA2A2B4E5C009CC5E9 /* Products */;
			projectDirPath = "";
			projectRoot = "";
			targets = (
				D88EB5D82A2B4E5C009CC5E9 /* MapsUIKitSwiftUI */,
			);
		};
/* End PBXProject section */

/* Begin PBXResourcesBuildPhase section */
		D88EB5D72A2B4E5C009CC5E9 /* Resources */ = {
			isa = PBXResourcesBuildPhase;
			buildActionMask = 2147483647;
			files = (
				D88EB5E92A2B4E5D009CC5E9 /* LaunchScreen.storyboard in Resources */,
				D88EB5E62A2B4E5D009CC5E9 /* Assets.xcassets in Resources */,
				D88EB5E42A2B4E5C009CC5E9 /* Main.storyboard in Resources */,
			);
			runOnlyForDeploymentPostprocessing = 0;
		};
/* End PBXResourcesBuildPhase section */

/* Begin PBXShellScriptBuildPhase section */
		8BACB0D7BAFEE3655FB25A7D /* [CP] Check Pods Manifest.lock */ = {
			isa = PBXShellScriptBuildPhase;
			buildActionMask = 2147483647;
			files = (
			);
			inputFileListPaths = (
			);
			inputPaths = (
				"${PODS_PODFILE_DIR_PATH}/Podfile.lock",
				"${PODS_ROOT}/Manifest.lock",
			);
			name = "[CP] Check Pods Manifest.lock";
			outputFileListPaths = (
			);
			outputPaths = (
				"$(DERIVED_FILE_DIR)/Pods-MapsUIKitSwiftUI-checkManifestLockResult.txt",
			);
			runOnlyForDeploymentPostprocessing = 0;
			shellPath = /bin/sh;
			shellScript = "diff \"${PODS_PODFILE_DIR_PATH}/Podfile.lock\" \"${PODS_ROOT}/Manifest.lock\" > /dev/null\nif [ $? != 0 ] ; then\n    # print error to STDERR\n    echo \"error: The sandbox is not in sync with the Podfile.lock. Run 'pod install' or update your CocoaPods installation.\" >&2\n    exit 1\nfi\n# This output is used by Xcode 'outputs' to avoid re-running this script phase.\necho \"SUCCESS\" > \"${SCRIPT_OUTPUT_FILE_0}\"\n";
			showEnvVarsInLog = 0;
		};
		DDA90B2C64D13D1521F1EC6E /* [CP] Copy Pods Resources */ = {
			isa = PBXShellScriptBuildPhase;
			buildActionMask = 2147483647;
			files = (
			);
			inputFileListPaths = (
				"${PODS_ROOT}/Target Support Files/Pods-MapsUIKitSwiftUI/Pods-MapsUIKitSwiftUI-resources-${CONFIGURATION}-input-files.xcfilelist",
			);
			name = "[CP] Copy Pods Resources";
			outputFileListPaths = (
				"${PODS_ROOT}/Target Support Files/Pods-MapsUIKitSwiftUI/Pods-MapsUIKitSwiftUI-resources-${CONFIGURATION}-output-files.xcfilelist",
			);
			runOnlyForDeploymentPostprocessing = 0;
			shellPath = /bin/sh;
			shellScript = "\"${PODS_ROOT}/Target Support Files/Pods-MapsUIKitSwiftUI/Pods-MapsUIKitSwiftUI-resources.sh\"\n";
			showEnvVarsInLog = 0;
		};
/* End PBXShellScriptBuildPhase section */

/* Begin PBXSourcesBuildPhase section */
		D88EB5D52A2B4E5C009CC5E9 /* Sources */ = {
			isa = PBXSourcesBuildPhase;
			buildActionMask = 2147483647;
			files = (
				D80324AD2A3F1816004D434E /* CalloutContainer.swift in Sources */,
				D8856BAF2A2EBA320048E86A /* MKMapItem+Address.swift in Sources */,
				D88EB5E12A2B4E5C009CC5E9 /* MainController.swift in Sources */,
				D80324AB2A3DE272004D434E /* SDKAPIKey.swift in Sources */,
				D88EB5DD2A2B4E5C009CC5E9 /* AppDelegate.swift in Sources */,
				D8954A4A2A3469DE00A89C90 /* DirectionsController.swift in Sources */,
				D8954A512A39F5E700A89C90 /* RouteHeader.swift in Sources */,
				D8856BAD2A2EB8740048E86A /* LocationsCarouselController.swift in Sources */,
				D88EB5DF2A2B4E5C009CC5E9 /* SceneDelegate.swift in Sources */,
				D8954A562A3B496300A89C90 /* PlacesController.swift in Sources */,
				D8954A4C2A35E93000A89C90 /* LocationSearchController.swift in Sources */,
				D8954A532A3A061100A89C90 /* RoutesController.swift in Sources */,
				D80324B02A3F583E004D434E /* MapSearchingView.swift in Sources */,
			);
			runOnlyForDeploymentPostprocessing = 0;
		};
/* End PBXSourcesBuildPhase section */

/* Begin PBXVariantGroup section */
		D88EB5E22A2B4E5C009CC5E9 /* Main.storyboard */ = {
			isa = PBXVariantGroup;
			children = (
				D88EB5E32A2B4E5C009CC5E9 /* Base */,
			);
			name = Main.storyboard;
			sourceTree = "<group>";
		};
		D88EB5E72A2B4E5D009CC5E9 /* LaunchScreen.storyboard */ = {
			isa = PBXVariantGroup;
			children = (
				D88EB5E82A2B4E5D009CC5E9 /* Base */,
			);
			name = LaunchScreen.storyboard;
			sourceTree = "<group>";
		};
/* End PBXVariantGroup section */

/* Begin XCBuildConfiguration section */
		D88EB5EB2A2B4E5D009CC5E9 /* Debug */ = {
			isa = XCBuildConfiguration;
			buildSettings = {
				ALWAYS_SEARCH_USER_PATHS = NO;
				CLANG_ANALYZER_NONNULL = YES;
				CLANG_ANALYZER_NUMBER_OBJECT_CONVERSION = YES_AGGRESSIVE;
				CLANG_CXX_LANGUAGE_STANDARD = "gnu++20";
				CLANG_ENABLE_MODULES = YES;
				CLANG_ENABLE_OBJC_ARC = YES;
				CLANG_ENABLE_OBJC_WEAK = YES;
				CLANG_WARN_BLOCK_CAPTURE_AUTORELEASING = YES;
				CLANG_WARN_BOOL_CONVERSION = YES;
				CLANG_WARN_COMMA = YES;
				CLANG_WARN_CONSTANT_CONVERSION = YES;
				CLANG_WARN_DEPRECATED_OBJC_IMPLEMENTATIONS = YES;
				CLANG_WARN_DIRECT_OBJC_ISA_USAGE = YES_ERROR;
				CLANG_WARN_DOCUMENTATION_COMMENTS = YES;
				CLANG_WARN_EMPTY_BODY = YES;
				CLANG_WARN_ENUM_CONVERSION = YES;
				CLANG_WARN_INFINITE_RECURSION = YES;
				CLANG_WARN_INT_CONVERSION = YES;
				CLANG_WARN_NON_LITERAL_NULL_CONVERSION = YES;
				CLANG_WARN_OBJC_IMPLICIT_RETAIN_SELF = YES;
				CLANG_WARN_OBJC_LITERAL_CONVERSION = YES;
				CLANG_WARN_OBJC_ROOT_CLASS = YES_ERROR;
				CLANG_WARN_QUOTED_INCLUDE_IN_FRAMEWORK_HEADER = YES;
				CLANG_WARN_RANGE_LOOP_ANALYSIS = YES;
				CLANG_WARN_STRICT_PROTOTYPES = YES;
				CLANG_WARN_SUSPICIOUS_MOVE = YES;
				CLANG_WARN_UNGUARDED_AVAILABILITY = YES_AGGRESSIVE;
				CLANG_WARN_UNREACHABLE_CODE = YES;
				CLANG_WARN__DUPLICATE_METHOD_MATCH = YES;
				COPY_PHASE_STRIP = NO;
				DEBUG_INFORMATION_FORMAT = dwarf;
				ENABLE_STRICT_OBJC_MSGSEND = YES;
				ENABLE_TESTABILITY = YES;
				GCC_C_LANGUAGE_STANDARD = gnu11;
				GCC_DYNAMIC_NO_PIC = NO;
				GCC_NO_COMMON_BLOCKS = YES;
				GCC_OPTIMIZATION_LEVEL = 0;
				GCC_PREPROCESSOR_DEFINITIONS = (
					"DEBUG=1",
					"$(inherited)",
				);
				GCC_WARN_64_TO_32_BIT_CONVERSION = YES;
				GCC_WARN_ABOUT_RETURN_TYPE = YES_ERROR;
				GCC_WARN_UNDECLARED_SELECTOR = YES;
				GCC_WARN_UNINITIALIZED_AUTOS = YES_AGGRESSIVE;
				GCC_WARN_UNUSED_FUNCTION = YES;
				GCC_WARN_UNUSED_VARIABLE = YES;
				IPHONEOS_DEPLOYMENT_TARGET = 16.1;
				MTL_ENABLE_DEBUG_INFO = INCLUDE_SOURCE;
				MTL_FAST_MATH = YES;
				ONLY_ACTIVE_ARCH = YES;
				SDKROOT = iphoneos;
				SWIFT_ACTIVE_COMPILATION_CONDITIONS = DEBUG;
				SWIFT_OPTIMIZATION_LEVEL = "-Onone";
			};
			name = Debug;
		};
		D88EB5EC2A2B4E5D009CC5E9 /* Release */ = {
			isa = XCBuildConfiguration;
			buildSettings = {
				ALWAYS_SEARCH_USER_PATHS = NO;
				CLANG_ANALYZER_NONNULL = YES;
				CLANG_ANALYZER_NUMBER_OBJECT_CONVERSION = YES_AGGRESSIVE;
				CLANG_CXX_LANGUAGE_STANDARD = "gnu++20";
				CLANG_ENABLE_MODULES = YES;
				CLANG_ENABLE_OBJC_ARC = YES;
				CLANG_ENABLE_OBJC_WEAK = YES;
				CLANG_WARN_BLOCK_CAPTURE_AUTORELEASING = YES;
				CLANG_WARN_BOOL_CONVERSION = YES;
				CLANG_WARN_COMMA = YES;
				CLANG_WARN_CONSTANT_CONVERSION = YES;
				CLANG_WARN_DEPRECATED_OBJC_IMPLEMENTATIONS = YES;
				CLANG_WARN_DIRECT_OBJC_ISA_USAGE = YES_ERROR;
				CLANG_WARN_DOCUMENTATION_COMMENTS = YES;
				CLANG_WARN_EMPTY_BODY = YES;
				CLANG_WARN_ENUM_CONVERSION = YES;
				CLANG_WARN_INFINITE_RECURSION = YES;
				CLANG_WARN_INT_CONVERSION = YES;
				CLANG_WARN_NON_LITERAL_NULL_CONVERSION = YES;
				CLANG_WARN_OBJC_IMPLICIT_RETAIN_SELF = YES;
				CLANG_WARN_OBJC_LITERAL_CONVERSION = YES;
				CLANG_WARN_OBJC_ROOT_CLASS = YES_ERROR;
				CLANG_WARN_QUOTED_INCLUDE_IN_FRAMEWORK_HEADER = YES;
				CLANG_WARN_RANGE_LOOP_ANALYSIS = YES;
				CLANG_WARN_STRICT_PROTOTYPES = YES;
				CLANG_WARN_SUSPICIOUS_MOVE = YES;
				CLANG_WARN_UNGUARDED_AVAILABILITY = YES_AGGRESSIVE;
				CLANG_WARN_UNREACHABLE_CODE = YES;
				CLANG_WARN__DUPLICATE_METHOD_MATCH = YES;
				COPY_PHASE_STRIP = NO;
				DEBUG_INFORMATION_FORMAT = "dwarf-with-dsym";
				ENABLE_NS_ASSERTIONS = NO;
				ENABLE_STRICT_OBJC_MSGSEND = YES;
				GCC_C_LANGUAGE_STANDARD = gnu11;
				GCC_NO_COMMON_BLOCKS = YES;
				GCC_WARN_64_TO_32_BIT_CONVERSION = YES;
				GCC_WARN_ABOUT_RETURN_TYPE = YES_ERROR;
				GCC_WARN_UNDECLARED_SELECTOR = YES;
				GCC_WARN_UNINITIALIZED_AUTOS = YES_AGGRESSIVE;
				GCC_WARN_UNUSED_FUNCTION = YES;
				GCC_WARN_UNUSED_VARIABLE = YES;
				IPHONEOS_DEPLOYMENT_TARGET = 16.1;
				MTL_ENABLE_DEBUG_INFO = NO;
				MTL_FAST_MATH = YES;
				SDKROOT = iphoneos;
				SWIFT_COMPILATION_MODE = wholemodule;
				SWIFT_OPTIMIZATION_LEVEL = "-O";
				VALIDATE_PRODUCT = YES;
			};
			name = Release;
		};
		D88EB5EE2A2B4E5D009CC5E9 /* Debug */ = {
			isa = XCBuildConfiguration;
			baseConfigurationReference = C9F2DCBCEE76A4CE954EC15D /* Pods-MapsUIKitSwiftUI.debug.xcconfig */;
			buildSettings = {
				ASSETCATALOG_COMPILER_APPICON_NAME = AppIcon;
				ASSETCATALOG_COMPILER_GLOBAL_ACCENT_COLOR_NAME = AccentColor;
				CODE_SIGN_STYLE = Automatic;
				CURRENT_PROJECT_VERSION = 1;
				DEVELOPMENT_TEAM = Q5CYH8RVUS;
				GENERATE_INFOPLIST_FILE = YES;
				INFOPLIST_FILE = MapsUIKitSwiftUI/Info.plist;
				INFOPLIST_KEY_NSLocationWhenInUseUsageDescription = "We want your LOCATION.";
				INFOPLIST_KEY_UIApplicationSupportsIndirectInputEvents = YES;
				INFOPLIST_KEY_UILaunchStoryboardName = LaunchScreen;
				INFOPLIST_KEY_UIMainStoryboardFile = Main;
				INFOPLIST_KEY_UISupportedInterfaceOrientations_iPad = "UIInterfaceOrientationPortrait UIInterfaceOrientationPortraitUpsideDown UIInterfaceOrientationLandscapeLeft UIInterfaceOrientationLandscapeRight";
				INFOPLIST_KEY_UISupportedInterfaceOrientations_iPhone = "UIInterfaceOrientationPortrait UIInterfaceOrientationLandscapeLeft UIInterfaceOrientationLandscapeRight";
				LD_RUNPATH_SEARCH_PATHS = (
					"$(inherited)",
					"@executable_path/Frameworks",
				);
				MARKETING_VERSION = 1.0;
				PRODUCT_BUNDLE_IDENTIFIER = com.joe3524.MapsUIKitSwiftUI;
				PRODUCT_NAME = "$(TARGET_NAME)";
				SWIFT_EMIT_LOC_STRINGS = YES;
				SWIFT_VERSION = 5.0;
				TARGETED_DEVICE_FAMILY = "1,2";
			};
			name = Debug;
		};
		D88EB5EF2A2B4E5D009CC5E9 /* Release */ = {
			isa = XCBuildConfiguration;
			baseConfigurationReference = 911DEA92AEACD5E44B756313 /* Pods-MapsUIKitSwiftUI.release.xcconfig */;
			buildSettings = {
				ASSETCATALOG_COMPILER_APPICON_NAME = AppIcon;
				ASSETCATALOG_COMPILER_GLOBAL_ACCENT_COLOR_NAME = AccentColor;
				CODE_SIGN_STYLE = Automatic;
				CURRENT_PROJECT_VERSION = 1;
				DEVELOPMENT_TEAM = Q5CYH8RVUS;
				GENERATE_INFOPLIST_FILE = YES;
				INFOPLIST_FILE = MapsUIKitSwiftUI/Info.plist;
				INFOPLIST_KEY_NSLocationWhenInUseUsageDescription = "We want your LOCATION.";
				INFOPLIST_KEY_UIApplicationSupportsIndirectInputEvents = YES;
				INFOPLIST_KEY_UILaunchStoryboardName = LaunchScreen;
				INFOPLIST_KEY_UIMainStoryboardFile = Main;
				INFOPLIST_KEY_UISupportedInterfaceOrientations_iPad = "UIInterfaceOrientationPortrait UIInterfaceOrientationPortraitUpsideDown UIInterfaceOrientationLandscapeLeft UIInterfaceOrientationLandscapeRight";
				INFOPLIST_KEY_UISupportedInterfaceOrientations_iPhone = "UIInterfaceOrientationPortrait UIInterfaceOrientationLandscapeLeft UIInterfaceOrientationLandscapeRight";
				LD_RUNPATH_SEARCH_PATHS = (
					"$(inherited)",
					"@executable_path/Frameworks",
				);
				MARKETING_VERSION = 1.0;
				PRODUCT_BUNDLE_IDENTIFIER = com.joe3524.MapsUIKitSwiftUI;
				PRODUCT_NAME = "$(TARGET_NAME)";
				SWIFT_EMIT_LOC_STRINGS = YES;
				SWIFT_VERSION = 5.0;
				TARGETED_DEVICE_FAMILY = "1,2";
			};
			name = Release;
		};
/* End XCBuildConfiguration section */

/* Begin XCConfigurationList section */
		D88EB5D42A2B4E5C009CC5E9 /* Build configuration list for PBXProject "MapsUIKitSwiftUI" */ = {
			isa = XCConfigurationList;
			buildConfigurations = (
				D88EB5EB2A2B4E5D009CC5E9 /* Debug */,
				D88EB5EC2A2B4E5D009CC5E9 /* Release */,
			);
			defaultConfigurationIsVisible = 0;
			defaultConfigurationName = Release;
		};
		D88EB5ED2A2B4E5D009CC5E9 /* Build configuration list for PBXNativeTarget "MapsUIKitSwiftUI" */ = {
			isa = XCConfigurationList;
			buildConfigurations = (
				D88EB5EE2A2B4E5D009CC5E9 /* Debug */,
				D88EB5EF2A2B4E5D009CC5E9 /* Release */,
			);
			defaultConfigurationIsVisible = 0;
			defaultConfigurationName = Release;
		};
/* End XCConfigurationList section */

/* Begin XCRemoteSwiftPackageReference section */
		D84EC20D2A41C53200B2D2C6 /* XCRemoteSwiftPackageReference "JGProgressHUD" */ = {
			isa = XCRemoteSwiftPackageReference;
			repositoryURL = "https://github.com/JonasGessner/JGProgressHUD";
			requirement = {
				kind = upToNextMajorVersion;
				minimumVersion = 2.0.0;
			};
		};
		D84EC2102A41C54400B2D2C6 /* XCRemoteSwiftPackageReference "LBTATools" */ = {
			isa = XCRemoteSwiftPackageReference;
			repositoryURL = "https://github.com/bhlvoong/LBTATools.git";
			requirement = {
				kind = upToNextMajorVersion;
				minimumVersion = 1.0.0;
			};
		};
/* End XCRemoteSwiftPackageReference section */

/* Begin XCSwiftPackageProductDependency section */
		D84EC20E2A41C53200B2D2C6 /* JGProgressHUD */ = {
			isa = XCSwiftPackageProductDependency;
			package = D84EC20D2A41C53200B2D2C6 /* XCRemoteSwiftPackageReference "JGProgressHUD" */;
			productName = JGProgressHUD;
		};
		D84EC2112A41C54400B2D2C6 /* LBTATools */ = {
			isa = XCSwiftPackageProductDependency;
			package = D84EC2102A41C54400B2D2C6 /* XCRemoteSwiftPackageReference "LBTATools" */;
			productName = LBTATools;
		};
/* End XCSwiftPackageProductDependency section */
	};
	rootObject = D88EB5D12A2B4E5C009CC5E9 /* Project object */;
}
